Microsoft Visual Studio Solution File, Format Version 12.00
# Visual Studio Version 16
VisualStudioVersion = 16.0.31624.102
MinimumVisualStudioVersion = 10.0.40219.1
Project("{9A19103F-16F7-4668-BE54-9A1E7A4F7556}") = "JOIEnergy", "JOIEnergy\JOIEnergy.csproj", "{BF722F65-2C35-4ADF-B669-C7841E4E54E6}"
EndProject
Project("{9A19103F-16F7-4668-BE54-9A1E7A4F7556}") = "JOIEnergy.Tests", "JOIEnergy.Tests\JOIEnergy.Tests.csproj", "{92951323-A02D-4FC7-A0E3-0C4F37BD7AB9}"
EndProject
Project("{9A19103F-16F7-4668-BE54-9A1E7A4F7556}") = "JOIEnergy.Domain", "JOIEnergy.Domain\JOIEnergy.Domain.csproj", "{BC101BDA-A57F-4812-A77E-B1634C2958B9}"
EndProject
Project("{2150E333-8FDC-42A3-9474-1A3956D46DE8}") = "Infrastructure", "Infrastructure", "{53E9AB26-4921-479F-A126-9340AD9F33D3}"
EndProject
Project("{2150E333-8FDC-42A3-9474-1A3956D46DE8}") = "Core", "Core", "{757626E3-191F-4CF1-8A6D-9980C190BC6A}"
EndProject
Project("{9A19103F-16F7-4668-BE54-9A1E7A4F7556}") = "JOIEnergy.Application", "JOIEnergy.Application\JOIEnergy.Application.csproj", "{D28A0529-4102-4BD4-9BF8-06A2F418249E}"
EndProject
Project("{9A19103F-16F7-4668-BE54-9A1E7A4F7556}") = "JOIEnergy.Infrastructure.EF", "JOIEnergy.Infrastructure.EF\JOIEnergy.Infrastructure.EF.csproj", "{D5160D54-29D1-4DE2-A931-C5684676AEC2}"
EndProject
Project("{FAE04EC0-301F-11D3-BF4B-00C04F79EFBC}") = "JOIEnergy.Infrastructure.Share", "JOIEnergy.Infrastructure.Share\JOIEnergy.Infrastructure.Share.csproj", "{CB6886A8-5DA1-421D-AD60-B16A73359B21}"
EndProject
Global
	GlobalSection(SolutionConfigurationPlatforms) = preSolution
		Debug|Any CPU = Debug|Any CPU
		Release|Any CPU = Release|Any CPU
	EndGlobalSection
	GlobalSection(ProjectConfigurationPlatforms) = postSolution
		{BF722F65-2C35-4ADF-B669-C7841E4E54E6}.Debug|Any CPU.ActiveCfg = Debug|Any CPU
		{BF722F65-2C35-4ADF-B669-C7841E4E54E6}.Debug|Any CPU.Build.0 = Debug|Any CPU
		{BF722F65-2C35-4ADF-B669-C7841E4E54E6}.Release|Any CPU.ActiveCfg = Release|Any CPU
		{BF722F65-2C35-4ADF-B669-C7841E4E54E6}.Release|Any CPU.Build.0 = Release|Any CPU
		{92951323-A02D-4FC7-A0E3-0C4F37BD7AB9}.Debug|Any CPU.ActiveCfg = Debug|Any CPU
		{92951323-A02D-4FC7-A0E3-0C4F37BD7AB9}.Debug|Any CPU.Build.0 = Debug|Any CPU
		{92951323-A02D-4FC7-A0E3-0C4F37BD7AB9}.Release|Any CPU.ActiveCfg = Release|Any CPU
		{92951323-A02D-4FC7-A0E3-0C4F37BD7AB9}.Release|Any CPU.Build.0 = Release|Any CPU
		{BC101BDA-A57F-4812-A77E-B1634C2958B9}.Debug|Any CPU.ActiveCfg = Debug|Any CPU
		{BC101BDA-A57F-4812-A77E-B1634C2958B9}.Debug|Any CPU.Build.0 = Debug|Any CPU
		{BC101BDA-A57F-4812-A77E-B1634C2958B9}.Release|Any CPU.ActiveCfg = Release|Any CPU
		{BC101BDA-A57F-4812-A77E-B1634C2958B9}.Release|Any CPU.Build.0 = Release|Any CPU
		{D28A0529-4102-4BD4-9BF8-06A2F418249E}.Debug|Any CPU.ActiveCfg = Debug|Any CPU
		{D28A0529-4102-4BD4-9BF8-06A2F418249E}.Debug|Any CPU.Build.0 = Debug|Any CPU
		{D28A0529-4102-4BD4-9BF8-06A2F418249E}.Release|Any CPU.ActiveCfg = Release|Any CPU
		{D28A0529-4102-4BD4-9BF8-06A2F418249E}.Release|Any CPU.Build.0 = Release|Any CPU
		{D5160D54-29D1-4DE2-A931-C5684676AEC2}.Debug|Any CPU.ActiveCfg = Debug|Any CPU
		{D5160D54-29D1-4DE2-A931-C5684676AEC2}.Debug|Any CPU.Build.0 = Debug|Any CPU
		{D5160D54-29D1-4DE2-A931-C5684676AEC2}.Release|Any CPU.ActiveCfg = Release|Any CPU
		{D5160D54-29D1-4DE2-A931-C5684676AEC2}.Release|Any CPU.Build.0 = Release|Any CPU
		{CB6886A8-5DA1-421D-AD60-B16A73359B21}.Debug|Any CPU.ActiveCfg = Debug|Any CPU
		{CB6886A8-5DA1-421D-AD60-B16A73359B21}.Debug|Any CPU.Build.0 = Debug|Any CPU
		{CB6886A8-5DA1-421D-AD60-B16A73359B21}.Release|Any CPU.ActiveCfg = Release|Any CPU
		{CB6886A8-5DA1-421D-AD60-B16A73359B21}.Release|Any CPU.Build.0 = Release|Any CPU
	EndGlobalSection
	GlobalSection(SolutionProperties) = preSolution
		HideSolutionNode = FALSE
	EndGlobalSection
	GlobalSection(NestedProjects) = preSolution
		{BC101BDA-A57F-4812-A77E-B1634C2958B9} = {757626E3-191F-4CF1-8A6D-9980C190BC6A}
		{D28A0529-4102-4BD4-9BF8-06A2F418249E} = {757626E3-191F-4CF1-8A6D-9980C190BC6A}
		{D5160D54-29D1-4DE2-A931-C5684676AEC2} = {53E9AB26-4921-479F-A126-9340AD9F33D3}
		{CB6886A8-5DA1-421D-AD60-B16A73359B21} = {53E9AB26-4921-479F-A126-9340AD9F33D3}
	EndGlobalSection
	GlobalSection(ExtensibilityGlobals) = postSolution
		SolutionGuid = {9A5E2757-8BF7-49A9-9974-CD9324575F79}
	EndGlobalSection
EndGlobal
